
Microsoft Visual Studio Solution File, Format Version 12.00
# Visual Studio Version 17
VisualStudioVersion = 17.0.31903.59
MinimumVisualStudioVersion = 10.0.40219.1
Project("{2150E333-8FDC-42A3-9474-1A3956D46DE8}") = "src", "src", "{28AC6CC4-C12B-473E-849B-403E71B18A4C}"
EndProject
Project("{FAE04EC0-301F-11D3-BF4B-00C04F79EFBC}") = "GridGuard.Cli", "src\GridGuard.Cli\GridGuard.Cli.csproj", "{94A2FFD6-5E6A-4CD4-9AF9-EB4099471077}"
EndProject
Project("{FAE04EC0-301F-11D3-BF4B-00C04F79EFBC}") = "GridGuard.Core", "src\GridGuard.Core\GridGuard.Core.csproj", "{EEBB824A-D7D0-4163-9659-2509955F8AA8}"
EndProject
Project("{FAE04EC0-301F-11D3-BF4B-00C04F79EFBC}") = "GridGuard.Detection", "src\GridGuard.Detection\GridGuard.Detection.csproj", "{88A070A6-9D9C-4096-9DA8-AA5D35EB0C8C}"
EndProject
Project("{FAE04EC0-301F-11D3-BF4B-00C04F79EFBC}") = "GridGuard.Monitoring", "src\GridGuard.Monitoring\GridGuard.Monitoring.csproj", "{8201ECA8-F0E1-4AC4-B091-18238A0E1BFD}"
EndProject
Project("{FAE04EC0-301F-11D3-BF4B-00C04F79EFBC}") = "GridGuard.Response", "src\GridGuard.Response\GridGuard.Response.csproj", "{6DB25515-7CDA-4FA7-BE6F-5A31CBE7727F}"
EndProject
Project("{FAE04EC0-301F-11D3-BF4B-00C04F79EFBC}") = "GridGuard.Rules", "src\GridGuard.Rules\GridGuard.Rules.csproj", "{532C0F82-82E0-4E6E-BD4F-C1D00A25F15A}"
EndProject
Project("{FAE04EC0-301F-11D3-BF4B-00C04F79EFBC}") = "GridGuard.Service", "src\GridGuard.Service\GridGuard.Service.csproj", "{CFC5B103-FA95-4487-A696-BC0E489EA435}"
EndProject
Project("{FAE04EC0-301F-11D3-BF4B-00C04F79EFBC}") = "GridGuard.Tray", "src\GridGuard.Tray\GridGuard.Tray.csproj", "{AB8E54A0-F908-450B-A8B5-E153C4DAB7EF}"
EndProject
Project("{2150E333-8FDC-42A3-9474-1A3956D46DE8}") = "tests", "tests", "{460F7E0C-6FBF-459E-8C49-469C591E9958}"
EndProject
Project("{FAE04EC0-301F-11D3-BF4B-00C04F79EFBC}") = "GridGuard.Core.Tests", "tests\GridGuard.Core.Tests\GridGuard.Core.Tests.csproj", "{84A9573C-8943-4E82-9F95-2193B574A1DB}"
EndProject
Project("{FAE04EC0-301F-11D3-BF4B-00C04F79EFBC}") = "GridGuard.Detection.Tests", "tests\GridGuard.Detection.Tests\GridGuard.Detection.Tests.csproj", "{14F72CAC-5842-4E1C-A79E-993ABD01E98E}"
EndProject
Project("{FAE04EC0-301F-11D3-BF4B-00C04F79EFBC}") = "GridGuard.IntegrationTests", "tests\GridGuard.IntegrationTests\GridGuard.IntegrationTests.csproj", "{30144138-1442-444A-ACD5-338475A920F3}"
EndProject
Project("{FAE04EC0-301F-11D3-BF4B-00C04F79EFBC}") = "GridGuard.Monitoring.Tests", "tests\GridGuard.Monitoring.Tests\GridGuard.Monitoring.Tests.csproj", "{648AA774-A0F3-45F8-A136-86F871D5230B}"
EndProject
Project("{FAE04EC0-301F-11D3-BF4B-00C04F79EFBC}") = "GridGuard.Response.Tests", "tests\GridGuard.Response.Tests\GridGuard.Response.Tests.csproj", "{42138318-6B59-4D13-B8D1-057A920E16FF}"
EndProject
Project("{FAE04EC0-301F-11D3-BF4B-00C04F79EFBC}") = "GridGuard.Rules.Tests", "tests\GridGuard.Rules.Tests\GridGuard.Rules.Tests.csproj", "{838B0427-1D45-4CF1-A2C2-2CE0E17AC98F}"
EndProject
Project("{2150E333-8FDC-42A3-9474-1A3956D46DE8}") = "tools", "tools", "{3D55711B-EDB1-45E1-9D94-07A4A33F9C97}"
EndProject
Project("{FAE04EC0-301F-11D3-BF4B-00C04F79EFBC}") = "GridGuard.BinaryAnalysis", "tools\GridGuard.BinaryAnalysis\GridGuard.BinaryAnalysis.csproj", "{4276667E-8167-4E05-97B3-E555F76E6824}"
EndProject
Project("{FAE04EC0-301F-11D3-BF4B-00C04F79EFBC}") = "GridGuard.RuleCompiler", "tools\GridGuard.RuleCompiler\GridGuard.RuleCompiler.csproj", "{BCF57796-F95F-4D53-B705-2CBE819AA511}"
EndProject
Project("{FAE04EC0-301F-11D3-BF4B-00C04F79EFBC}") = "GridGuard.SnapshotDiff", "tools\GridGuard.SnapshotDiff\GridGuard.SnapshotDiff.csproj", "{75EF8E29-B9E8-4155-9BC3-24D77B3F3FC5}"
EndProject
Global
	GlobalSection(SolutionConfigurationPlatforms) = preSolution
		Debug|Any CPU = Debug|Any CPU
		Release|Any CPU = Release|Any CPU
	EndGlobalSection
	GlobalSection(SolutionProperties) = preSolution
		HideSolutionNode = FALSE
	EndGlobalSection
	GlobalSection(ProjectConfigurationPlatforms) = postSolution
		{94A2FFD6-5E6A-4CD4-9AF9-EB4099471077}.Debug|Any CPU.ActiveCfg = Debug|Any CPU
		{94A2FFD6-5E6A-4CD4-9AF9-EB4099471077}.Debug|Any CPU.Build.0 = Debug|Any CPU
		{94A2FFD6-5E6A-4CD4-9AF9-EB4099471077}.Release|Any CPU.ActiveCfg = Release|Any CPU
		{94A2FFD6-5E6A-4CD4-9AF9-EB4099471077}.Release|Any CPU.Build.0 = Release|Any CPU
		{EEBB824A-D7D0-4163-9659-2509955F8AA8}.Debug|Any CPU.ActiveCfg = Debug|Any CPU
		{EEBB824A-D7D0-4163-9659-2509955F8AA8}.Debug|Any CPU.Build.0 = Debug|Any CPU
		{EEBB824A-D7D0-4163-9659-2509955F8AA8}.Release|Any CPU.ActiveCfg = Release|Any CPU
		{EEBB824A-D7D0-4163-9659-2509955F8AA8}.Release|Any CPU.Build.0 = Release|Any CPU
		{88A070A6-9D9C-4096-9DA8-AA5D35EB0C8C}.Debug|Any CPU.ActiveCfg = Debug|Any CPU
		{88A070A6-9D9C-4096-9DA8-AA5D35EB0C8C}.Debug|Any CPU.Build.0 = Debug|Any CPU
		{88A070A6-9D9C-4096-9DA8-AA5D35EB0C8C}.Release|Any CPU.ActiveCfg = Release|Any CPU
		{88A070A6-9D9C-4096-9DA8-AA5D35EB0C8C}.Release|Any CPU.Build.0 = Release|Any CPU
		{8201ECA8-F0E1-4AC4-B091-18238A0E1BFD}.Debug|Any CPU.ActiveCfg = Debug|Any CPU
		{8201ECA8-F0E1-4AC4-B091-18238A0E1BFD}.Debug|Any CPU.Build.0 = Debug|Any CPU
		{8201ECA8-F0E1-4AC4-B091-18238A0E1BFD}.Release|Any CPU.ActiveCfg = Release|Any CPU
		{8201ECA8-F0E1-4AC4-B091-18238A0E1BFD}.Release|Any CPU.Build.0 = Release|Any CPU
		{6DB25515-7CDA-4FA7-BE6F-5A31CBE7727F}.Debug|Any CPU.ActiveCfg = Debug|Any CPU
		{6DB25515-7CDA-4FA7-BE6F-5A31CBE7727F}.Debug|Any CPU.Build.0 = Debug|Any CPU
		{6DB25515-7CDA-4FA7-BE6F-5A31CBE7727F}.Release|Any CPU.ActiveCfg = Release|Any CPU
		{6DB25515-7CDA-4FA7-BE6F-5A31CBE7727F}.Release|Any CPU.Build.0 = Release|Any CPU
		{532C0F82-82E0-4E6E-BD4F-C1D00A25F15A}.Debug|Any CPU.ActiveCfg = Debug|Any CPU
		{532C0F82-82E0-4E6E-BD4F-C1D00A25F15A}.Debug|Any CPU.Build.0 = Debug|Any CPU
		{532C0F82-82E0-4E6E-BD4F-C1D00A25F15A}.Release|Any CPU.ActiveCfg = Release|Any CPU
		{532C0F82-82E0-4E6E-BD4F-C1D00A25F15A}.Release|Any CPU.Build.0 = Release|Any CPU
		{CFC5B103-FA95-4487-A696-BC0E489EA435}.Debug|Any CPU.ActiveCfg = Debug|Any CPU
		{CFC5B103-FA95-4487-A696-BC0E489EA435}.Debug|Any CPU.Build.0 = Debug|Any CPU
		{CFC5B103-FA95-4487-A696-BC0E489EA435}.Release|Any CPU.ActiveCfg = Release|Any CPU
		{CFC5B103-FA95-4487-A696-BC0E489EA435}.Release|Any CPU.Build.0 = Release|Any CPU
		{AB8E54A0-F908-450B-A8B5-E153C4DAB7EF}.Debug|Any CPU.ActiveCfg = Debug|Any CPU
		{AB8E54A0-F908-450B-A8B5-E153C4DAB7EF}.Debug|Any CPU.Build.0 = Debug|Any CPU
		{AB8E54A0-F908-450B-A8B5-E153C4DAB7EF}.Release|Any CPU.ActiveCfg = Release|Any CPU
		{AB8E54A0-F908-450B-A8B5-E153C4DAB7EF}.Release|Any CPU.Build.0 = Release|Any CPU
		{84A9573C-8943-4E82-9F95-2193B574A1DB}.Debug|Any CPU.ActiveCfg = Debug|Any CPU
		{84A9573C-8943-4E82-9F95-2193B574A1DB}.Debug|Any CPU.Build.0 = Debug|Any CPU
		{84A9573C-8943-4E82-9F95-2193B574A1DB}.Release|Any CPU.ActiveCfg = Release|Any CPU
		{84A9573C-8943-4E82-9F95-2193B574A1DB}.Release|Any CPU.Build.0 = Release|Any CPU
		{14F72CAC-5842-4E1C-A79E-993ABD01E98E}.Debug|Any CPU.ActiveCfg = Debug|Any CPU
		{14F72CAC-5842-4E1C-A79E-993ABD01E98E}.Debug|Any CPU.Build.0 = Debug|Any CPU
		{14F72CAC-5842-4E1C-A79E-993ABD01E98E}.Release|Any CPU.ActiveCfg = Release|Any CPU
		{14F72CAC-5842-4E1C-A79E-993ABD01E98E}.Release|Any CPU.Build.0 = Release|Any CPU
		{30144138-1442-444A-ACD5-338475A920F3}.Debug|Any CPU.ActiveCfg = Debug|Any CPU
		{30144138-1442-444A-ACD5-338475A920F3}.Debug|Any CPU.Build.0 = Debug|Any CPU
		{30144138-1442-444A-ACD5-338475A920F3}.Release|Any CPU.ActiveCfg = Release|Any CPU
		{30144138-1442-444A-ACD5-338475A920F3}.Release|Any CPU.Build.0 = Release|Any CPU
		{648AA774-A0F3-45F8-A136-86F871D5230B}.Debug|Any CPU.ActiveCfg = Debug|Any CPU
		{648AA774-A0F3-45F8-A136-86F871D5230B}.Debug|Any CPU.Build.0 = Debug|Any CPU
		{648AA774-A0F3-45F8-A136-86F871D5230B}.Release|Any CPU.ActiveCfg = Release|Any CPU
		{648AA774-A0F3-45F8-A136-86F871D5230B}.Release|Any CPU.Build.0 = Release|Any CPU
		{42138318-6B59-4D13-B8D1-057A920E16FF}.Debug|Any CPU.ActiveCfg = Debug|Any CPU
		{42138318-6B59-4D13-B8D1-057A920E16FF}.Debug|Any CPU.Build.0 = Debug|Any CPU
		{42138318-6B59-4D13-B8D1-057A920E16FF}.Release|Any CPU.ActiveCfg = Release|Any CPU
		{42138318-6B59-4D13-B8D1-057A920E16FF}.Release|Any CPU.Build.0 = Release|Any CPU
		{838B0427-1D45-4CF1-A2C2-2CE0E17AC98F}.Debug|Any CPU.ActiveCfg = Debug|Any CPU
		{838B0427-1D45-4CF1-A2C2-2CE0E17AC98F}.Debug|Any CPU.Build.0 = Debug|Any CPU
		{838B0427-1D45-4CF1-A2C2-2CE0E17AC98F}.Release|Any CPU.ActiveCfg = Release|Any CPU
		{838B0427-1D45-4CF1-A2C2-2CE0E17AC98F}.Release|Any CPU.Build.0 = Release|Any CPU
		{4276667E-8167-4E05-97B3-E555F76E6824}.Debug|Any CPU.ActiveCfg = Debug|Any CPU
		{4276667E-8167-4E05-97B3-E555F76E6824}.Debug|Any CPU.Build.0 = Debug|Any CPU
		{4276667E-8167-4E05-97B3-E555F76E6824}.Release|Any CPU.ActiveCfg = Release|Any CPU
		{4276667E-8167-4E05-97B3-E555F76E6824}.Release|Any CPU.Build.0 = Release|Any CPU
		{BCF57796-F95F-4D53-B705-2CBE819AA511}.Debug|Any CPU.ActiveCfg = Debug|Any CPU
		{BCF57796-F95F-4D53-B705-2CBE819AA511}.Debug|Any CPU.Build.0 = Debug|Any CPU
		{BCF57796-F95F-4D53-B705-2CBE819AA511}.Release|Any CPU.ActiveCfg = Release|Any CPU
		{BCF57796-F95F-4D53-B705-2CBE819AA511}.Release|Any CPU.Build.0 = Release|Any CPU
		{75EF8E29-B9E8-4155-9BC3-24D77B3F3FC5}.Debug|Any CPU.ActiveCfg = Debug|Any CPU
		{75EF8E29-B9E8-4155-9BC3-24D77B3F3FC5}.Debug|Any CPU.Build.0 = Debug|Any CPU
		{75EF8E29-B9E8-4155-9BC3-24D77B3F3FC5}.Release|Any CPU.ActiveCfg = Release|Any CPU
		{75EF8E29-B9E8-4155-9BC3-24D77B3F3FC5}.Release|Any CPU.Build.0 = Release|Any CPU
	EndGlobalSection
	GlobalSection(NestedProjects) = preSolution
		{94A2FFD6-5E6A-4CD4-9AF9-EB4099471077} = {28AC6CC4-C12B-473E-849B-403E71B18A4C}
		{EEBB824A-D7D0-4163-9659-2509955F8AA8} = {28AC6CC4-C12B-473E-849B-403E71B18A4C}
		{88A070A6-9D9C-4096-9DA8-AA5D35EB0C8C} = {28AC6CC4-C12B-473E-849B-403E71B18A4C}
		{8201ECA8-F0E1-4AC4-B091-18238A0E1BFD} = {28AC6CC4-C12B-473E-849B-403E71B18A4C}
		{6DB25515-7CDA-4FA7-BE6F-5A31CBE7727F} = {28AC6CC4-C12B-473E-849B-403E71B18A4C}
		{532C0F82-82E0-4E6E-BD4F-C1D00A25F15A} = {28AC6CC4-C12B-473E-849B-403E71B18A4C}
		{CFC5B103-FA95-4487-A696-BC0E489EA435} = {28AC6CC4-C12B-473E-849B-403E71B18A4C}
		{AB8E54A0-F908-450B-A8B5-E153C4DAB7EF} = {28AC6CC4-C12B-473E-849B-403E71B18A4C}
		{84A9573C-8943-4E82-9F95-2193B574A1DB} = {460F7E0C-6FBF-459E-8C49-469C591E9958}
		{14F72CAC-5842-4E1C-A79E-993ABD01E98E} = {460F7E0C-6FBF-459E-8C49-469C591E9958}
		{30144138-1442-444A-ACD5-338475A920F3} = {460F7E0C-6FBF-459E-8C49-469C591E9958}
		{648AA774-A0F3-45F8-A136-86F871D5230B} = {460F7E0C-6FBF-459E-8C49-469C591E9958}
		{42138318-6B59-4D13-B8D1-057A920E16FF} = {460F7E0C-6FBF-459E-8C49-469C591E9958}
		{838B0427-1D45-4CF1-A2C2-2CE0E17AC98F} = {460F7E0C-6FBF-459E-8C49-469C591E9958}
		{4276667E-8167-4E05-97B3-E555F76E6824} = {3D55711B-EDB1-45E1-9D94-07A4A33F9C97}
		{BCF57796-F95F-4D53-B705-2CBE819AA511} = {3D55711B-EDB1-45E1-9D94-07A4A33F9C97}
		{75EF8E29-B9E8-4155-9BC3-24D77B3F3FC5} = {3D55711B-EDB1-45E1-9D94-07A4A33F9C97}
	EndGlobalSection
EndGlobal
